{
  "nodes": {
    "base16-schemes": {
      "flake": false,
      "locked": {
        "lastModified": 1665690101,
        "narHash": "sha256-J2ZvNaVFkqaTXzYO5L+jyRORfIOavFPKvWItP6UTMKs=",
        "owner": "tinted-theming",
        "repo": "base16-schemes",
        "rev": "a3dc916cf90471a422c0bfe1bb4b1bdd12185ced",
        "type": "github"
      },
      "original": {
        "owner": "tinted-theming",
        "repo": "base16-schemes",
        "type": "github"
      }
    },
    "home-manager": {
      "inputs": {
        "nixpkgs": [
          "nixpkgs"
        ],
        "utils": "utils"
      },
      "locked": {
        "lastModified": 1674250603,
        "narHash": "sha256-SBolFspxBHpW3hCCDNAFXUiO2mucmkVmf17UmSIK3Cs=",
        "owner": "nix-community",
        "repo": "home-manager",
        "rev": "275ab728912006eecb549338a50f24f294a7cfb7",
        "type": "github"
      },
      "original": {
        "owner": "nix-community",
        "repo": "home-manager",
        "type": "github"
      }
    },
    "hyprland": {
      "inputs": {
        "hyprland-protocols": "hyprland-protocols",
        "nixpkgs": [
          "nixpkgs"
        ],
        "wlroots": "wlroots",
        "xdph": "xdph"
      },
      "locked": {
        "lastModified": 1674296335,
        "narHash": "sha256-jUvjOqKGuEk1XfZNPXU3hcPtIJKkSNzwUm5yN1EFYZA=",
        "owner": "hyprwm",
        "repo": "Hyprland",
        "rev": "fcbfd193930dd146b141531a9cf5301d55f26907",
        "type": "github"
      },
      "original": {
        "owner": "hyprwm",
        "repo": "Hyprland",
        "type": "github"
      }
    },
    "hyprland-protocols": {
      "inputs": {
        "nixpkgs": [
          "hyprland",
          "nixpkgs"
        ]
      },
      "locked": {
        "lastModified": 1671839510,
        "narHash": "sha256-+PY1qqJfmZzzROgcIY4I7AkCwpnC+qBIYk2eFoA9RWc=",
        "owner": "hyprwm",
        "repo": "hyprland-protocols",
        "rev": "b8f55e02a328c47ed373133c52483bbfa20a1b75",
        "type": "github"
      },
      "original": {
        "owner": "hyprwm",
        "repo": "hyprland-protocols",
        "type": "github"
      }
    },
    "hyprpaper": {
      "inputs": {
        "nixpkgs": [
          "nixpkgs"
        ]
      },
      "locked": {
        "lastModified": 1673799209,
        "narHash": "sha256-GMRM1IyIuDEzjEw5E4zWI/TCg3zWs65v86NuR+BAtW0=",
        "owner": "hyprwm",
        "repo": "hyprpaper",
        "rev": "f77a664e9d168fb7b332ede9db4a3e35a46dd6c5",
        "type": "github"
      },
      "original": {
        "owner": "hyprwm",
        "repo": "hyprpaper",
        "type": "github"
      }
    },
    "nix-colors": {
      "inputs": {
        "base16-schemes": "base16-schemes",
        "nixpkgs-lib": "nixpkgs-lib"
      },
      "locked": {
        "lastModified": 1672236234,
        "narHash": "sha256-dpBIuxcDEvJbLD8fTipE0A0JbQD1lZB94zYFPoh01PI=",
        "owner": "Misterio77",
        "repo": "nix-colors",
        "rev": "7e459f1d88ac54fc2f4b308adb5064863006e4b1",
        "type": "github"
      },
      "original": {
        "owner": "Misterio77",
        "repo": "nix-colors",
        "type": "github"
      }
    },
    "nixpkgs": {
      "locked": {
        "lastModified": 1674120619,
        "narHash": "sha256-xLT1FQl7/jNPOEq5q/vmc3AExt1V9LtcjM+QY2+MUpA=",
        "owner": "nixos",
        "repo": "nixpkgs",
        "rev": "d7705c01ef0a39c8ef532d1033bace8845a07d35",
        "type": "github"
      },
      "original": {
        "owner": "nixos",
        "ref": "nixos-unstable",
        "repo": "nixpkgs",
        "type": "github"
      }
    },
    "nixpkgs-lib": {
      "locked": {
        "lastModified": 1655599917,
        "narHash": "sha256-kjZbt5WdTrnjMxL79okg9TCoRUdADG50x/TWozbyTsE=",
        "owner": "nix-community",
        "repo": "nixpkgs.lib",
        "rev": "5fb55578aa2f1a502d636a8ac71aece57cb730bb",
        "type": "github"
      },
      "original": {
        "owner": "nix-community",
        "repo": "nixpkgs.lib",
        "type": "github"
      }
    },
    "nixpkgs-stable": {
      "locked": {
        "lastModified": 1673740915,
        "narHash": "sha256-MMH8zONfqahgHly3K8/A++X34800rajA/XgZ2DzNL/M=",
        "owner": "NixOS",
        "repo": "nixpkgs",
        "rev": "7c65528c3f8462b902e09d1ccca23bb9034665c2",
        "type": "github"
      },
      "original": {
        "owner": "NixOS",
        "ref": "release-22.11",
        "repo": "nixpkgs",
        "type": "github"
      }
    },
    "root": {
      "inputs": {
        "home-manager": "home-manager",
        "hyprland": "hyprland",
        "hyprpaper": "hyprpaper",
        "nix-colors": "nix-colors",
        "nixpkgs": "nixpkgs",
        "sops-nix": "sops-nix"
      }
    },
    "sops-nix": {
      "inputs": {
        "nixpkgs": [
          "nixpkgs"
        ],
        "nixpkgs-stable": "nixpkgs-stable"
      },
      "locked": {
        "lastModified": 1673752321,
        "narHash": "sha256-EFfXY1ZHJq4FNaNQA9x0djtu/jiOhBbT0Xi+BT06cJw=",
        "owner": "Mic92",
        "repo": "sops-nix",
        "rev": "e18eefd2b133a58309475298052c341c08470717",
        "type": "github"
      },
      "original": {
        "owner": "Mic92",
        "repo": "sops-nix",
        "type": "github"
      }
    },
    "utils": {
      "locked": {
        "lastModified": 1667395993,
        "narHash": "sha256-nuEHfE/LcWyuSWnS8t12N1wc105Qtau+/OdUAjtQ0rA=",
        "owner": "numtide",
        "repo": "flake-utils",
        "rev": "5aed5285a952e0b949eb3ba02c12fa4fcfef535f",
        "type": "github"
      },
      "original": {
        "owner": "numtide",
        "repo": "flake-utils",
        "type": "github"
      }
    },
    "wlroots": {
      "flake": false,
      "locked": {
        "host": "gitlab.freedesktop.org",
        "lastModified": 1672824257,
        "narHash": "sha256-SbYoZj57VlopTzI+OSW9jlgYxN1gI1KLg/s/HV+87eE=",
        "owner": "wlroots",
        "repo": "wlroots",
        "rev": "5f264a7d6c8af27d41ff440c05262b022c055593",
        "type": "gitlab"
      },
      "original": {
        "host": "gitlab.freedesktop.org",
        "owner": "wlroots",
        "repo": "wlroots",
        "type": "gitlab"
      }
    },
    "xdph": {
      "inputs": {
        "hyprland-protocols": [
          "hyprland",
          "hyprland-protocols"
        ],
        "nixpkgs": [
          "hyprland",
          "nixpkgs"
        ]
      },
      "locked": {
        "lastModified": 1673116118,
        "narHash": "sha256-eR0yDSkR2XYMesfdRWJs25kAdXET2mbNNHu5t+KUcKA=",
        "owner": "hyprwm",
        "repo": "xdg-desktop-portal-hyprland",
        "rev": "d479c846531fd0e1d2357c9588b8310a2b859ef2",
        "type": "github"
      },
      "original": {
        "owner": "hyprwm",
        "repo": "xdg-desktop-portal-hyprland",
        "type": "github"
      }
    }
  },
  "root": "root",
  "version": 7
}
