{
  "nodes": {
    "awesome-config": {
      "locked": {
        "lastModified": 1672956188,
        "narHash": "sha256-0WlCdgF2WcIHO/Xn1CHKm7aqsO2T2vSV5NGE7bmAd98=",
        "owner": "therealr5",
        "repo": "awesome-config",
        "rev": "ea8efd6ee4a5db410625085160b1336e3de459c5",
        "type": "github"
      },
      "original": {
        "owner": "therealr5",
        "repo": "awesome-config",
        "type": "github"
      }
    },
    "home-manager": {
      "inputs": {
        "nixpkgs": [
          "nixpkgs"
        ],
        "utils": "utils"
      },
      "locked": {
        "lastModified": 1673089714,
        "narHash": "sha256-D58SGNOVe+s7r2iewnCA8q68gyrfQcOnD1TdJo1wFLY=",
        "owner": "nix-community",
        "repo": "home-manager",
        "rev": "9e565f0d9d41c19a94f55af205c328ec5177fc0a",
        "type": "github"
      },
      "original": {
        "owner": "nix-community",
        "repo": "home-manager",
        "type": "github"
      }
    },
    "nixpkgs": {
      "locked": {
        "lastModified": 1672968032,
        "narHash": "sha256-26Jns3GmHem44a06UN5Rj/KOD9qNJThyQrom02Ijur8=",
        "owner": "nixos",
        "repo": "nixpkgs",
        "rev": "2dea8991d89b9f1e78d874945f78ca15f6954289",
        "type": "github"
      },
      "original": {
        "owner": "nixos",
        "ref": "nixos-22.11",
        "repo": "nixpkgs",
        "type": "github"
      }
    },
    "nixpkgs-stable": {
      "locked": {
        "lastModified": 1673100377,
        "narHash": "sha256-mT76pTd0YFxT6CwtPhDgHJhuIgLY+ZLSMiQpBufwMG4=",
        "owner": "NixOS",
        "repo": "nixpkgs",
        "rev": "9f11a2df77cb945c115ae2a65f53f38121597d73",
        "type": "github"
      },
      "original": {
        "owner": "NixOS",
        "ref": "release-22.11",
        "repo": "nixpkgs",
        "type": "github"
      }
    },
    "root": {
      "inputs": {
        "awesome-config": "awesome-config",
        "home-manager": "home-manager",
        "nixpkgs": "nixpkgs",
        "sops-nix": "sops-nix"
      }
    },
    "sops-nix": {
      "inputs": {
        "nixpkgs": [
          "nixpkgs"
        ],
        "nixpkgs-stable": "nixpkgs-stable"
      },
      "locked": {
        "lastModified": 1673147300,
        "narHash": "sha256-gR9OEfTzWfL6vG0qkbn1TlBAOlg4LuW8xK/u0V41Ihc=",
        "owner": "Mic92",
        "repo": "sops-nix",
        "rev": "2253120d2a6147e57bafb5c689e086221df8032f",
        "type": "github"
      },
      "original": {
        "owner": "Mic92",
        "repo": "sops-nix",
        "type": "github"
      }
    },
    "utils": {
      "locked": {
        "lastModified": 1667395993,
        "narHash": "sha256-nuEHfE/LcWyuSWnS8t12N1wc105Qtau+/OdUAjtQ0rA=",
        "owner": "numtide",
        "repo": "flake-utils",
        "rev": "5aed5285a952e0b949eb3ba02c12fa4fcfef535f",
        "type": "github"
      },
      "original": {
        "owner": "numtide",
        "repo": "flake-utils",
        "type": "github"
      }
    }
  },
  "root": "root",
  "version": 7
}
